
Microsoft Visual Studio Solution File, Format Version 12.00
# Visual Studio 15
VisualStudioVersion = 15.0.28307.438
MinimumVisualStudioVersion = 10.0.40219.1
Project("{FAE04EC0-301F-11D3-BF4B-00C04F79EFBC}") = "9", "9\9.csproj", "{AD2ADB7E-D9A8-4F3E-A203-E154B5056633}"
EndProject
Global
	GlobalSection(SolutionConfigurationPlatforms) = preSolution
		Debug|Any CPU = Debug|Any CPU
		Release|Any CPU = Release|Any CPU
	EndGlobalSection
	GlobalSection(ProjectConfigurationPlatforms) = postSolution
		{AD2ADB7E-D9A8-4F3E-A203-E154B5056633}.Debug|Any CPU.ActiveCfg = Debug|Any CPU
		{AD2ADB7E-D9A8-4F3E-A203-E154B5056633}.Debug|Any CPU.Build.0 = Debug|Any CPU
		{AD2ADB7E-D9A8-4F3E-A203-E154B5056633}.Release|Any CPU.ActiveCfg = Release|Any CPU
		{AD2ADB7E-D9A8-4F3E-A203-E154B5056633}.Release|Any CPU.Build.0 = Release|Any CPU
	EndGlobalSection
	GlobalSection(SolutionProperties) = preSolution
		HideSolutionNode = FALSE
	EndGlobalSection
	GlobalSection(ExtensibilityGlobals) = postSolution
		SolutionGuid = {E0651521-5E2C-4AD6-AF23-AD13776A80A0}
	EndGlobalSection
EndGlobal
